
Microsoft Visual Studio Solution File, Format Version 12.00
# Visual Studio Version 16
VisualStudioVersion = 16.0.31019.35
MinimumVisualStudioVersion = 10.0.40219.1
Project("{FAE04EC0-301F-11D3-BF4B-00C04F79EFBC}") = "Middleware", "Middleware\Middleware.csproj", "{A244C5F6-7735-404E-AF2B-B67AA7E5CF39}"
EndProject
Global
	GlobalSection(SolutionConfigurationPlatforms) = preSolution
		Debug|Any CPU = Debug|Any CPU
		Release|Any CPU = Release|Any CPU
	EndGlobalSection
	GlobalSection(ProjectConfigurationPlatforms) = postSolution
		{A244C5F6-7735-404E-AF2B-B67AA7E5CF39}.Debug|Any CPU.ActiveCfg = Debug|Any CPU
		{A244C5F6-7735-404E-AF2B-B67AA7E5CF39}.Debug|Any CPU.Build.0 = Debug|Any CPU
		{A244C5F6-7735-404E-AF2B-B67AA7E5CF39}.Release|Any CPU.ActiveCfg = Release|Any CPU
		{A244C5F6-7735-404E-AF2B-B67AA7E5CF39}.Release|Any CPU.Build.0 = Release|Any CPU
	EndGlobalSection
	GlobalSection(SolutionProperties) = preSolution
		HideSolutionNode = FALSE
	EndGlobalSection
	GlobalSection(ExtensibilityGlobals) = postSolution
		SolutionGuid = {F9DF7C35-8BDB-45C1-B59C-30DD92C0E34C}
	EndGlobalSection
EndGlobal
